
Microsoft Visual Studio Solution File, Format Version 12.00
# Visual Studio 2012
Project("{FAE04EC0-301F-11D3-BF4B-00C04F79EFBC}") = "CS408-ProjectStep1-Try-Server", "CS408-ProjectStep1-Try-Server\CS408-ProjectStep1-Try-Server.csproj", "{7C32D4FF-67D0-47D4-AC77-79426F4F719B}"
EndProject
Global
	GlobalSection(SolutionConfigurationPlatforms) = preSolution
		Debug|Any CPU = Debug|Any CPU
		Release|Any CPU = Release|Any CPU
	EndGlobalSection
	GlobalSection(ProjectConfigurationPlatforms) = postSolution
		{7C32D4FF-67D0-47D4-AC77-79426F4F719B}.Debug|Any CPU.ActiveCfg = Debug|Any CPU
		{7C32D4FF-67D0-47D4-AC77-79426F4F719B}.Debug|Any CPU.Build.0 = Debug|Any CPU
		{7C32D4FF-67D0-47D4-AC77-79426F4F719B}.Release|Any CPU.ActiveCfg = Release|Any CPU
		{7C32D4FF-67D0-47D4-AC77-79426F4F719B}.Release|Any CPU.Build.0 = Release|Any CPU
	EndGlobalSection
	GlobalSection(SolutionProperties) = preSolution
		HideSolutionNode = FALSE
	EndGlobalSection
EndGlobal
